
Microsoft Visual Studio Solution File, Format Version 12.00
# Visual Studio Version 16
VisualStudioVersion = 16.0.30204.135
MinimumVisualStudioVersion = 10.0.40219.1
Project("{FAE04EC0-301F-11D3-BF4B-00C04F79EFBC}") = "BookStore-API", "BookStore-API\BookStore-API.csproj", "{75B85EE1-A4ED-446A-B84E-C97CF7A70143}"
EndProject
Global
	GlobalSection(SolutionConfigurationPlatforms) = preSolution
		Debug|Any CPU = Debug|Any CPU
		Release|Any CPU = Release|Any CPU
	EndGlobalSection
	GlobalSection(ProjectConfigurationPlatforms) = postSolution
		{75B85EE1-A4ED-446A-B84E-C97CF7A70143}.Debug|Any CPU.ActiveCfg = Debug|Any CPU
		{75B85EE1-A4ED-446A-B84E-C97CF7A70143}.Debug|Any CPU.Build.0 = Debug|Any CPU
		{75B85EE1-A4ED-446A-B84E-C97CF7A70143}.Release|Any CPU.ActiveCfg = Release|Any CPU
		{75B85EE1-A4ED-446A-B84E-C97CF7A70143}.Release|Any CPU.Build.0 = Release|Any CPU
	EndGlobalSection
	GlobalSection(SolutionProperties) = preSolution
		HideSolutionNode = FALSE
	EndGlobalSection
	GlobalSection(ExtensibilityGlobals) = postSolution
		SolutionGuid = {14D53A79-6FCF-4238-B5E5-E0BDA424A800}
	EndGlobalSection
EndGlobal
